github.com/google/go-cmp v0.6.0 h1:ofyhxvXcZhMsU5ulbFiLKl/XBFqE1GSq7atu8tAmTRI=
github.com/google/go-cmp v0.6.0/go.mod h1:17dUlkBOakJ0+DkrSSNjCkIjxS6bF9zb3elmeNGIjoY=
go.awhk.org/core v0.7.0 h1:4HFdZ7Wpj4fg3zCD8wF6tm5ToAhVdSiX14fWiNzJZMg=
go.awhk.org/core v0.7.0/go.mod h1:lOs71woKF5QCNNEFjaACmhEj7U6IEGAFHw0Zo1Fyh50=
