github.com/google/go-cmp v0.5.8 h1:e6P7q2lk1O+qJJb4BtCQXlK8vWEO8V1ZeuEdJNOqZyg=
github.com/google/go-cmp v0.5.8/go.mod h1:17dUlkBOakJ0+DkrSSNjCkIjxS6bF9zb3elmeNGIjoY=
go.awhk.org/core v0.2.0 h1:EEzFUh+0okmVdSvdqB1XRm6AsD1hniSeY1wLNHjo+lk=
go.awhk.org/core v0.2.0/go.mod h1:5C9oWobMcQLGj+rcfvAvSiGrp/vslOD0eUiwYymTaQI=
golang.org/x/sys v0.0.0-20220730100132-1609e554cd39 h1:aNCnH+Fiqs7ZDTFH6oEFjIfbX2HvgQXJ6uQuUbTobjk=
golang.org/x/sys v0.0.0-20220730100132-1609e554cd39/go.mod h1:oPkhp1MJrh7nUepCBck5+mAzfO9JrbApNNgaTdGDITg=
