github.com/google/go-cmp v0.5.9 h1:O2Tfq5qg4qc4AmwVlvv0oLiVAGB7enBSJ2x2DqQFi38=
github.com/google/go-cmp v0.5.9/go.mod h1:17dUlkBOakJ0+DkrSSNjCkIjxS6bF9zb3elmeNGIjoY=
go.awhk.org/core v0.5.0 h1:2mcnYfHK6SwdtDBFiHBKh/lvjCUfmkkRnQXkPoZ7nPo=
go.awhk.org/core v0.5.0/go.mod h1:lOs71woKF5QCNNEFjaACmhEj7U6IEGAFHw0Zo1Fyh50=
